// !$*UTF8*$!
{
	archiveVersion = 1;
	classes = {
	};
	objectVersion = 46;
	objects = {

/* Begin PBXBuildFile section */
		011D708916A3E5CA004975DC /* JARExposerView.m in Sources */ = {isa = PBXBuildFile; fileRef = 011D708816A3E5CA004975DC /* JARExposerView.m */; };
		011D709016A3E9B3004975DC /* JARExposerContentView.m in Sources */ = {isa = PBXBuildFile; fileRef = 011D708F16A3E9B3004975DC /* JARExposerContentView.m */; };
		014D787016A1BB7100672323 /* UIKit.framework in Frameworks */ = {isa = PBXBuildFile; fileRef = 014D786F16A1BB7100672323 /* UIKit.framework */; };
		014D787216A1BB7100672323 /* Foundation.framework in Frameworks */ = {isa = PBXBuildFile; fileRef = 014D787116A1BB7100672323 /* Foundation.framework */; };
		014D787416A1BB7100672323 /* CoreGraphics.framework in Frameworks */ = {isa = PBXBuildFile; fileRef = 014D787316A1BB7100672323 /* CoreGraphics.framework */; };
		014D787A16A1BB7100672323 /* InfoPlist.strings in Resources */ = {isa = PBXBuildFile; fileRef = 014D787816A1BB7100672323 /* InfoPlist.strings */; };
		014D787C16A1BB7100672323 /* main.m in Sources */ = {isa = PBXBuildFile; fileRef = 014D787B16A1BB7100672323 /* main.m */; };
		014D788016A1BB7100672323 /* AppDelegate.m in Sources */ = {isa = PBXBuildFile; fileRef = 014D787F16A1BB7100672323 /* AppDelegate.m */; };
		014D788216A1BB7100672323 /* Default.png in Resources */ = {isa = PBXBuildFile; fileRef = 014D788116A1BB7100672323 /* Default.png */; };
		014D788416A1BB7100672323 /* Default@2x.png in Resources */ = {isa = PBXBuildFile; fileRef = 014D788316A1BB7100672323 /* Default@2x.png */; };
		014D788616A1BB7100672323 /* Default-568h@2x.png in Resources */ = {isa = PBXBuildFile; fileRef = 014D788516A1BB7100672323 /* Default-568h@2x.png */; };
		014D788E16A1BB9000672323 /* ExposerViewController.m in Sources */ = {isa = PBXBuildFile; fileRef = 014D788D16A1BB9000672323 /* ExposerViewController.m */; };
		017E854616AD3AD7001930E2 /* QuartzCore.framework in Frameworks */ = {isa = PBXBuildFile; fileRef = 017E854516AD3AD7001930E2 /* QuartzCore.framework */; };
		0196B8ED16D1031700380E8E /* ContentViewController.m in Sources */ = {isa = PBXBuildFile; fileRef = 0196B8EB16D1031700380E8E /* ContentViewController.m */; };
		0196B8EE16D1031700380E8E /* ContentViewController.xib in Resources */ = {isa = PBXBuildFile; fileRef = 0196B8EC16D1031700380E8E /* ContentViewController.xib */; };
		01CE6BD116A68509001C291F /* JARExposerContentViewAttributes.m in Sources */ = {isa = PBXBuildFile; fileRef = 01CE6BD016A68509001C291F /* JARExposerContentViewAttributes.m */; };
		01CE6BF316A7E866001C291F /* JARExposerViewController.m in Sources */ = {isa = PBXBuildFile; fileRef = 01CE6BF216A7E866001C291F /* JARExposerViewController.m */; };
/* End PBXBuildFile section */

/* Begin PBXFileReference section */
		011D708716A3E5CA004975DC /* JARExposerView.h */ = {isa = PBXFileReference; fileEncoding = 4; lastKnownFileType = sourcecode.c.h; name = JARExposerView.h; path = JARExposerView/JARExposerView.h; sourceTree = "<group>"; };
		011D708816A3E5CA004975DC /* JARExposerView.m */ = {isa = PBXFileReference; fileEncoding = 4; lastKnownFileType = sourcecode.c.objc; name = JARExposerView.m; path = JARExposerView/JARExposerView.m; sourceTree = "<group>"; };
		011D708E16A3E9B3004975DC /* JARExposerContentView.h */ = {isa = PBXFileReference; fileEncoding = 4; lastKnownFileType = sourcecode.c.h; name = JARExposerContentView.h; path = JARExposerView/JARExposerContentView.h; sourceTree = "<group>"; };
		011D708F16A3E9B3004975DC /* JARExposerContentView.m */ = {isa = PBXFileReference; fileEncoding = 4; lastKnownFileType = sourcecode.c.objc; name = JARExposerContentView.m; path = JARExposerView/JARExposerContentView.m; sourceTree = "<group>"; };
		011D709A16A41255004975DC /* JARExposerViewDataSource.h */ = {isa = PBXFileReference; lastKnownFileType = sourcecode.c.h; name = JARExposerViewDataSource.h; path = JARExposerView/JARExposerViewDataSource.h; sourceTree = "<group>"; };
		011D709B16A4126A004975DC /* JARExposerViewDelegate.h */ = {isa = PBXFileReference; lastKnownFileType = sourcecode.c.h; name = JARExposerViewDelegate.h; path = JARExposerView/JARExposerViewDelegate.h; sourceTree = "<group>"; };
		014D786B16A1BB7100672323 /* Exposer.app */ = {isa = PBXFileReference; explicitFileType = wrapper.application; includeInIndex = 0; path = Exposer.app; sourceTree = BUILT_PRODUCTS_DIR; };
		014D786F16A1BB7100672323 /* UIKit.framework */ = {isa = PBXFileReference; lastKnownFileType = wrapper.framework; name = UIKit.framework; path = System/Library/Frameworks/UIKit.framework; sourceTree = SDKROOT; };
		014D787116A1BB7100672323 /* Foundation.framework */ = {isa = PBXFileReference; lastKnownFileType = wrapper.framework; name = Foundation.framework; path = System/Library/Frameworks/Foundation.framework; sourceTree = SDKROOT; };
		014D787316A1BB7100672323 /* CoreGraphics.framework */ = {isa = PBXFileReference; lastKnownFileType = wrapper.framework; name = CoreGraphics.framework; path = System/Library/Frameworks/CoreGraphics.framework; sourceTree = SDKROOT; };
		014D787716A1BB7100672323 /* Exposer-Info.plist */ = {isa = PBXFileReference; lastKnownFileType = text.plist.xml; path = "Exposer-Info.plist"; sourceTree = "<group>"; };
		014D787916A1BB7100672323 /* en */ = {isa = PBXFileReference; lastKnownFileType = text.plist.strings; name = en; path = en.lproj/InfoPlist.strings; sourceTree = "<group>"; };
		014D787B16A1BB7100672323 /* main.m */ = {isa = PBXFileReference; lastKnownFileType = sourcecode.c.objc; path = main.m; sourceTree = "<group>"; };
		014D787D16A1BB7100672323 /* Exposer-Prefix.pch */ = {isa = PBXFileReference; lastKnownFileType = sourcecode.c.h; path = "Exposer-Prefix.pch"; sourceTree = "<group>"; };
		014D787E16A1BB7100672323 /* AppDelegate.h */ = {isa = PBXFileReference; lastKnownFileType = sourcecode.c.h; path = AppDelegate.h; sourceTree = "<group>"; };
		014D787F16A1BB7100672323 /* AppDelegate.m */ = {isa = PBXFileReference; lastKnownFileType = sourcecode.c.objc; path = AppDelegate.m; sourceTree = "<group>"; };
		014D788116A1BB7100672323 /* Default.png */ = {isa = PBXFileReference; lastKnownFileType = image.png; path = Default.png; sourceTree = "<group>"; };
		014D788316A1BB7100672323 /* Default@2x.png */ = {isa = PBXFileReference; lastKnownFileType = image.png; path = "Default@2x.png"; sourceTree = "<group>"; };
		014D788516A1BB7100672323 /* Default-568h@2x.png */ = {isa = PBXFileReference; lastKnownFileType = image.png; path = "Default-568h@2x.png"; sourceTree = "<group>"; };
		014D788C16A1BB9000672323 /* ExposerViewController.h */ = {isa = PBXFileReference; fileEncoding = 4; lastKnownFileType = sourcecode.c.h; path = ExposerViewController.h; sourceTree = "<group>"; };
		014D788D16A1BB9000672323 /* ExposerViewController.m */ = {isa = PBXFileReference; fileEncoding = 4; lastKnownFileType = sourcecode.c.objc; path = ExposerViewController.m; sourceTree = "<group>"; };
		017E854516AD3AD7001930E2 /* QuartzCore.framework */ = {isa = PBXFileReference; lastKnownFileType = wrapper.framework; name = QuartzCore.framework; path = System/Library/Frameworks/QuartzCore.framework; sourceTree = SDKROOT; };
		0196B8EA16D1031700380E8E /* ContentViewController.h */ = {isa = PBXFileReference; fileEncoding = 4; lastKnownFileType = sourcecode.c.h; path = ContentViewController.h; sourceTree = "<group>"; };
		0196B8EB16D1031700380E8E /* ContentViewController.m */ = {isa = PBXFileReference; fileEncoding = 4; lastKnownFileType = sourcecode.c.objc; path = ContentViewController.m; sourceTree = "<group>"; };
		0196B8EC16D1031700380E8E /* ContentViewController.xib */ = {isa = PBXFileReference; fileEncoding = 4; lastKnownFileType = file.xib; path = ContentViewController.xib; sourceTree = "<group>"; };
		01CE6BCF16A68509001C291F /* JARExposerContentViewAttributes.h */ = {isa = PBXFileReference; fileEncoding = 4; lastKnownFileType = sourcecode.c.h; name = JARExposerContentViewAttributes.h; path = JARExposerView/JARExposerContentViewAttributes.h; sourceTree = "<group>"; };
		01CE6BD016A68509001C291F /* JARExposerContentViewAttributes.m */ = {isa = PBXFileReference; fileEncoding = 4; lastKnownFileType = sourcecode.c.objc; name = JARExposerContentViewAttributes.m; path = JARExposerView/JARExposerContentViewAttributes.m; sourceTree = "<group>"; };
		01CE6BF116A7E866001C291F /* JARExposerViewController.h */ = {isa = PBXFileReference; fileEncoding = 4; lastKnownFileType = sourcecode.c.h; name = JARExposerViewController.h; path = JARExposerView/JARExposerViewController.h; sourceTree = "<group>"; };
		01CE6BF216A7E866001C291F /* JARExposerViewController.m */ = {isa = PBXFileReference; fileEncoding = 4; lastKnownFileType = sourcecode.c.objc; name = JARExposerViewController.m; path = JARExposerView/JARExposerViewController.m; sourceTree = "<group>"; };
/* End PBXFileReference section */

/* Begin PBXFrameworksBuildPhase section */
		014D786816A1BB7100672323 /* Frameworks */ = {
			isa = PBXFrameworksBuildPhase;
			buildActionMask = 2147483647;
			files = (
				017E854616AD3AD7001930E2 /* QuartzCore.framework in Frameworks */,
				014D787016A1BB7100672323 /* UIKit.framework in Frameworks */,
				014D787216A1BB7100672323 /* Foundation.framework in Frameworks */,
				014D787416A1BB7100672323 /* CoreGraphics.framework in Frameworks */,
			);
			runOnlyForDeploymentPostprocessing = 0;
		};
/* End PBXFrameworksBuildPhase section */

/* Begin PBXGroup section */
		011D708516A3E54F004975DC /* JARExposerView */ = {
			isa = PBXGroup;
			children = (
				011D708716A3E5CA004975DC /* JARExposerView.h */,
				011D708816A3E5CA004975DC /* JARExposerView.m */,
				01CE6BCF16A68509001C291F /* JARExposerContentViewAttributes.h */,
				01CE6BD016A68509001C291F /* JARExposerContentViewAttributes.m */,
				011D708E16A3E9B3004975DC /* JARExposerContentView.h */,
				011D708F16A3E9B3004975DC /* JARExposerContentView.m */,
				011D709A16A41255004975DC /* JARExposerViewDataSource.h */,
				011D709B16A4126A004975DC /* JARExposerViewDelegate.h */,
				01CE6BF116A7E866001C291F /* JARExposerViewController.h */,
				01CE6BF216A7E866001C291F /* JARExposerViewController.m */,
			);
			name = JARExposerView;
			sourceTree = "<group>";
		};
		014D786016A1BB7100672323 = {
			isa = PBXGroup;
			children = (
				011D708516A3E54F004975DC /* JARExposerView */,
				014D787516A1BB7100672323 /* Exposer */,
				014D786E16A1BB7100672323 /* Frameworks */,
				014D786C16A1BB7100672323 /* Products */,
			);
			sourceTree = "<group>";
		};
		014D786C16A1BB7100672323 /* Products */ = {
			isa = PBXGroup;
			children = (
				014D786B16A1BB7100672323 /* Exposer.app */,
			);
			name = Products;
			sourceTree = "<group>";
		};
		014D786E16A1BB7100672323 /* Frameworks */ = {
			isa = PBXGroup;
			children = (
				017E854516AD3AD7001930E2 /* QuartzCore.framework */,
				014D786F16A1BB7100672323 /* UIKit.framework */,
				014D787116A1BB7100672323 /* Foundation.framework */,
				014D787316A1BB7100672323 /* CoreGraphics.framework */,
			);
			name = Frameworks;
			sourceTree = "<group>";
		};
		014D787516A1BB7100672323 /* Exposer */ = {
			isa = PBXGroup;
			children = (
				014D788C16A1BB9000672323 /* ExposerViewController.h */,
				014D788D16A1BB9000672323 /* ExposerViewController.m */,
				0196B8EA16D1031700380E8E /* ContentViewController.h */,
				0196B8EB16D1031700380E8E /* ContentViewController.m */,
				0196B8EC16D1031700380E8E /* ContentViewController.xib */,
				014D787E16A1BB7100672323 /* AppDelegate.h */,
				014D787F16A1BB7100672323 /* AppDelegate.m */,
				014D787616A1BB7100672323 /* Supporting Files */,
			);
			path = Exposer;
			sourceTree = "<group>";
		};
		014D787616A1BB7100672323 /* Supporting Files */ = {
			isa = PBXGroup;
			children = (
				014D787716A1BB7100672323 /* Exposer-Info.plist */,
				014D787816A1BB7100672323 /* InfoPlist.strings */,
				014D787B16A1BB7100672323 /* main.m */,
				014D787D16A1BB7100672323 /* Exposer-Prefix.pch */,
				014D788116A1BB7100672323 /* Default.png */,
				014D788316A1BB7100672323 /* Default@2x.png */,
				014D788516A1BB7100672323 /* Default-568h@2x.png */,
			);
			name = "Supporting Files";
			sourceTree = "<group>";
		};
/* End PBXGroup section */

/* Begin PBXNativeTarget section */
		014D786A16A1BB7100672323 /* Exposer */ = {
			isa = PBXNativeTarget;
			buildConfigurationList = 014D788916A1BB7100672323 /* Build configuration list for PBXNativeTarget "Exposer" */;
			buildPhases = (
				014D786716A1BB7100672323 /* Sources */,
				014D786816A1BB7100672323 /* Frameworks */,
				014D786916A1BB7100672323 /* Resources */,
			);
			buildRules = (
			);
			dependencies = (
			);
			name = Exposer;
			productName = Exposer;
			productReference = 014D786B16A1BB7100672323 /* Exposer.app */;
			productType = "com.apple.product-type.application";
		};
/* End PBXNativeTarget section */

/* Begin PBXProject section */
		014D786216A1BB7100672323 /* Project object */ = {
			isa = PBXProject;
			attributes = {
				LastUpgradeCheck = 0450;
				ORGANIZATIONNAME = "Jesse Armand";
			};
			buildConfigurationList = 014D786516A1BB7100672323 /* Build configuration list for PBXProject "Exposer" */;
			compatibilityVersion = "Xcode 3.2";
			developmentRegion = English;
			hasScannedForEncodings = 0;
			knownRegions = (
				en,
			);
			mainGroup = 014D786016A1BB7100672323;
			productRefGroup = 014D786C16A1BB7100672323 /* Products */;
			projectDirPath = "";
			projectRoot = "";
			targets = (
				014D786A16A1BB7100672323 /* Exposer */,
			);
		};
/* End PBXProject section */

/* Begin PBXResourcesBuildPhase section */
		014D786916A1BB7100672323 /* Resources */ = {
			isa = PBXResourcesBuildPhase;
			buildActionMask = 2147483647;
			files = (
				014D787A16A1BB7100672323 /* InfoPlist.strings in Resources */,
				014D788216A1BB7100672323 /* Default.png in Resources */,
				014D788416A1BB7100672323 /* Default@2x.png in Resources */,
				014D788616A1BB7100672323 /* Default-568h@2x.png in Resources */,
				0196B8EE16D1031700380E8E /* ContentViewController.xib in Resources */,
			);
			runOnlyForDeploymentPostprocessing = 0;
		};
/* End PBXResourcesBuildPhase section */

/* Begin PBXSourcesBuildPhase section */
		014D786716A1BB7100672323 /* Sources */ = {
			isa = PBXSourcesBuildPhase;
			buildActionMask = 2147483647;
			files = (
				014D787C16A1BB7100672323 /* main.m in Sources */,
				014D788016A1BB7100672323 /* AppDelegate.m in Sources */,
				014D788E16A1BB9000672323 /* ExposerViewController.m in Sources */,
				011D708916A3E5CA004975DC /* JARExposerView.m in Sources */,
				011D709016A3E9B3004975DC /* JARExposerContentView.m in Sources */,
				01CE6BD116A68509001C291F /* JARExposerContentViewAttributes.m in Sources */,
				01CE6BF316A7E866001C291F /* JARExposerViewController.m in Sources */,
				0196B8ED16D1031700380E8E /* ContentViewController.m in Sources */,
			);
			runOnlyForDeploymentPostprocessing = 0;
		};
/* End PBXSourcesBuildPhase section */

/* Begin PBXVariantGroup section */
		014D787816A1BB7100672323 /* InfoPlist.strings */ = {
			isa = PBXVariantGroup;
			children = (
				014D787916A1BB7100672323 /* en */,
			);
			name = InfoPlist.strings;
			sourceTree = "<group>";
		};
/* End PBXVariantGroup section */

/* Begin XCBuildConfiguration section */
		014D788716A1BB7100672323 /* Debug */ = {
			isa = XCBuildConfiguration;
			buildSettings = {
				ALWAYS_SEARCH_USER_PATHS = NO;
				CLANG_CXX_LANGUAGE_STANDARD = "gnu++0x";
				CLANG_CXX_LIBRARY = "libc++";
				CLANG_ENABLE_OBJC_ARC = YES;
				CLANG_WARN_EMPTY_BODY = YES;
				CLANG_WARN__DUPLICATE_METHOD_MATCH = YES;
				"CODE_SIGN_IDENTITY[sdk=iphoneos*]" = "iPhone Developer";
				COPY_PHASE_STRIP = NO;
				GCC_C_LANGUAGE_STANDARD = gnu99;
				GCC_DYNAMIC_NO_PIC = NO;
				GCC_OPTIMIZATION_LEVEL = 0;
				GCC_PREPROCESSOR_DEFINITIONS = (
					"DEBUG=1",
					"$(inherited)",
				);
				GCC_SYMBOLS_PRIVATE_EXTERN = NO;
				GCC_WARN_ABOUT_RETURN_TYPE = YES;
				GCC_WARN_UNINITIALIZED_AUTOS = YES;
				GCC_WARN_UNUSED_VARIABLE = YES;
				IPHONEOS_DEPLOYMENT_TARGET = 5.1;
				ONLY_ACTIVE_ARCH = YES;
				SDKROOT = iphoneos;
				TARGETED_DEVICE_FAMILY = "1,2";
			};
			name = Debug;
		};
		014D788816A1BB7100672323 /* Release */ = {
			isa = XCBuildConfiguration;
			buildSettings = {
				ALWAYS_SEARCH_USER_PATHS = NO;
				CLANG_CXX_LANGUAGE_STANDARD = "gnu++0x";
				CLANG_CXX_LIBRARY = "libc++";
				CLANG_ENABLE_OBJC_ARC = YES;
				CLANG_WARN_EMPTY_BODY = YES;
				CLANG_WARN__DUPLICATE_METHOD_MATCH = YES;
				"CODE_SIGN_IDENTITY[sdk=iphoneos*]" = "iPhone Developer";
				COPY_PHASE_STRIP = YES;
				GCC_C_LANGUAGE_STANDARD = gnu99;
				GCC_WARN_ABOUT_RETURN_TYPE = YES;
				GCC_WARN_UNINITIALIZED_AUTOS = YES;
				GCC_WARN_UNUSED_VARIABLE = YES;
				IPHONEOS_DEPLOYMENT_TARGET = 5.1;
				OTHER_CFLAGS = "-DNS_BLOCK_ASSERTIONS=1";
				SDKROOT = iphoneos;
				TARGETED_DEVICE_FAMILY = "1,2";
				VALIDATE_PRODUCT = YES;
			};
			name = Release;
		};
		014D788A16A1BB7100672323 /* Debug */ = {
			isa = XCBuildConfiguration;
			buildSettings = {
				GCC_PRECOMPILE_PREFIX_HEADER = YES;
				GCC_PREFIX_HEADER = "Exposer/Exposer-Prefix.pch";
				INFOPLIST_FILE = "Exposer/Exposer-Info.plist";
				PRODUCT_NAME = "$(TARGET_NAME)";
				WRAPPER_EXTENSION = app;
			};
			name = Debug;
		};
		014D788B16A1BB7100672323 /* Release */ = {
			isa = XCBuildConfiguration;
			buildSettings = {
				GCC_PRECOMPILE_PREFIX_HEADER = YES;
				GCC_PREFIX_HEADER = "Exposer/Exposer-Prefix.pch";
				INFOPLIST_FILE = "Exposer/Exposer-Info.plist";
				PRODUCT_NAME = "$(TARGET_NAME)";
				WRAPPER_EXTENSION = app;
			};
			name = Release;
		};
/* End XCBuildConfiguration section */

/* Begin XCConfigurationList section */
		014D786516A1BB7100672323 /* Build configuration list for PBXProject "Exposer" */ = {
			isa = XCConfigurationList;
			buildConfigurations = (
				014D788716A1BB7100672323 /* Debug */,
				014D788816A1BB7100672323 /* Release */,
			);
			defaultConfigurationIsVisible = 0;
			defaultConfigurationName = Release;
		};
		014D788916A1BB7100672323 /* Build configuration list for PBXNativeTarget "Exposer" */ = {
			isa = XCConfigurationList;
			buildConfigurations = (
				014D788A16A1BB7100672323 /* Debug */,
				014D788B16A1BB7100672323 /* Release */,
			);
			defaultConfigurationIsVisible = 0;
			defaultConfigurationName = Release;
		};
/* End XCConfigurationList section */
	};
	rootObject = 014D786216A1BB7100672323 /* Project object */;
}
